PODS:
  - FlutterMacOS (1.0.0)
  - path_provider_macos (0.0.1):
    - FlutterMacOS
  - tflite_flutter_helper (0.0.1):
    - FlutterMacOS

DEPENDENCIES:
  - FlutterMacOS (from `Flutter/ephemeral`)
  - path_provider_macos (from `Flutter/ephemeral/.symlinks/plugins/path_provider_macos/macos`)
  - tflite_flutter_helper (from `Flutter/ephemeral/.symlinks/plugins/tflite_flutter_helper/macos`)

EXTERNAL SOURCES:
  FlutterMacOS:
    :path: Flutter/ephemeral
  path_provider_macos:
    :path: Flutter/ephemeral/.symlinks/plugins/path_provider_macos/macos
  tflite_flutter_helper:
    :path: Flutter/ephemeral/.symlinks/plugins/tflite_flutter_helper/macos

SPEC CHECKSUMS:
  FlutterMacOS: ae6af50a8ea7d6103d888583d46bd8328a7e9811
  path_provider_macos: 3c0c3b4b0d4a76d2bf989a913c2de869c5641a19
  tflite_flutter_helper: b9fb1f2880a784c6b4041f6592c351d631ebe55f

PODFILE CHECKSUM: 6eac6b3292e5142cfc23bdeb71848a40ec51c14c

COCOAPODS: 1.11.3
